
Microsoft Visual Studio Solution File, Format Version 12.00
# Visual Studio Version 17
VisualStudioVersion = 17.8.34330.188
MinimumVisualStudioVersion = 10.0.40219.1
Project("{9A19103F-16F7-4668-BE54-9A1E7A4F7556}") = "LoginManager", "LoginManager.csproj", "{CC8985E2-C3B4-4908-9F38-1D7E463F05CC}"
EndProject
Project("{FAE04EC0-301F-11D3-BF4B-00C04F79EFBC}") = "NUnit-Age2Word", "..\NUnit-Age2Word\NUnit-Age2Word.csproj", "{F2955E36-C270-40A9-9B0B-A7C0B4766802}"
EndProject
Project("{FAE04EC0-301F-11D3-BF4B-00C04F79EFBC}") = "MSTest-Age2Word", "..\MSTest-Age2Word\MSTest-Age2Word.csproj", "{573002A1-8FB6-4055-BE1E-4876D415CD75}"
EndProject
Global
	GlobalSection(SolutionConfigurationPlatforms) = preSolution
		Debug|Any CPU = Debug|Any CPU
		Release|Any CPU = Release|Any CPU
	EndGlobalSection
	GlobalSection(ProjectConfigurationPlatforms) = postSolution
		{CC8985E2-C3B4-4908-9F38-1D7E463F05CC}.Debug|Any CPU.ActiveCfg = Debug|Any CPU
		{CC8985E2-C3B4-4908-9F38-1D7E463F05CC}.Debug|Any CPU.Build.0 = Debug|Any CPU
		{CC8985E2-C3B4-4908-9F38-1D7E463F05CC}.Debug|Any CPU.Deploy.0 = Debug|Any CPU
		{CC8985E2-C3B4-4908-9F38-1D7E463F05CC}.Release|Any CPU.ActiveCfg = Release|Any CPU
		{CC8985E2-C3B4-4908-9F38-1D7E463F05CC}.Release|Any CPU.Build.0 = Release|Any CPU
		{CC8985E2-C3B4-4908-9F38-1D7E463F05CC}.Release|Any CPU.Deploy.0 = Release|Any CPU
		{F2955E36-C270-40A9-9B0B-A7C0B4766802}.Debug|Any CPU.ActiveCfg = Debug|Any CPU
		{F2955E36-C270-40A9-9B0B-A7C0B4766802}.Debug|Any CPU.Build.0 = Debug|Any CPU
		{F2955E36-C270-40A9-9B0B-A7C0B4766802}.Release|Any CPU.ActiveCfg = Release|Any CPU
		{F2955E36-C270-40A9-9B0B-A7C0B4766802}.Release|Any CPU.Build.0 = Release|Any CPU
		{573002A1-8FB6-4055-BE1E-4876D415CD75}.Debug|Any CPU.ActiveCfg = Debug|Any CPU
		{573002A1-8FB6-4055-BE1E-4876D415CD75}.Debug|Any CPU.Build.0 = Debug|Any CPU
		{573002A1-8FB6-4055-BE1E-4876D415CD75}.Release|Any CPU.ActiveCfg = Release|Any CPU
		{573002A1-8FB6-4055-BE1E-4876D415CD75}.Release|Any CPU.Build.0 = Release|Any CPU
	EndGlobalSection
	GlobalSection(SolutionProperties) = preSolution
		HideSolutionNode = FALSE
	EndGlobalSection
	GlobalSection(ExtensibilityGlobals) = postSolution
		SolutionGuid = {767C6A79-4EDA-415E-9374-482E007A1D0E}
	EndGlobalSection
EndGlobal
